# This file is automatically @generated by Cargo.
# It is not intended for manual editing.
version = 4

[[package]]
name = "gh-housekeeper-cli"
version = "0.1.0"

[[package]]
name = "gh-housekeeper-core"
version = "0.1.0"

[[package]]
name = "gh-housekeeper-github"
version = "0.1.0"

[[package]]
name = "gh-housekeeper-gui"
version = "0.1.0"

[[package]]
name = "gh-housekeeper-policy"
version = "0.1.0"

[[package]]
name = "gh-housekeeper-storage"
version = "0.1.0"
